
Microsoft Visual Studio Solution File, Format Version 12.00
# Visual Studio 15
VisualStudioVersion = 15.0.27004.2005
MinimumVisualStudioVersion = 10.0.40219.1
Project("{FAE04EC0-301F-11D3-BF4B-00C04F79EFBC}") = "GangOfFour.Composite.Structural", "GangOfFour.Composite.Structural\GangOfFour.Composite.Structural.csproj", "{9FB2EA0B-53C0-42B5-961E-F45AC5DECF25}"
EndProject
Project("{FAE04EC0-301F-11D3-BF4B-00C04F79EFBC}") = "GangOfFour.Strategy.Structural", "GangOfFour.StrategyPattern.Structural\GangOfFour.Strategy.Structural.csproj", "{4C5FA259-C697-41E9-8801-E83AD041DFFC}"
EndProject
Project("{FAE04EC0-301F-11D3-BF4B-00C04F79EFBC}") = "GangOfFour.Strategy.RealWorld", "GangOfFour.Strategy.RealWorld\GangOfFour.Strategy.RealWorld.csproj", "{84CAEE04-296B-444B-B8BF-750048831EF4}"
EndProject
Project("{FAE04EC0-301F-11D3-BF4B-00C04F79EFBC}") = "GangOfFour.Decorator.Structural", "GangOfFour.Decorator.Structural\GangOfFour.Decorator.Structural.csproj", "{07140965-F48A-4606-9C56-A67F889EDE35}"
EndProject
Project("{FAE04EC0-301F-11D3-BF4B-00C04F79EFBC}") = "GangOfFour.Decorator.RealWorld", "GangOfFour.Decorator.RealWorld\GangOfFour.Decorator.RealWorld.csproj", "{D696B4CA-A838-4415-B284-8D5CD17D83C9}"
EndProject
Project("{FAE04EC0-301F-11D3-BF4B-00C04F79EFBC}") = "GangOfFour.Abstract.Structural", "GangOfFour.Abstract.Structural\GangOfFour.Abstract.Structural.csproj", "{C604E8FE-08AB-4BDD-BA7B-1A249C6F7C53}"
EndProject
Project("{FAE04EC0-301F-11D3-BF4B-00C04F79EFBC}") = "GangOfFour.Abstract.RealWorld", "GangOfFour.Abstract.RealWorld\GangOfFour.Abstract.RealWorld.csproj", "{77F08F02-2037-46B5-A6B0-7823054DBF6A}"
EndProject
Project("{FAE04EC0-301F-11D3-BF4B-00C04F79EFBC}") = "GangOfFour.Command.Structural", "GangOfFour.Command.Structural\GangOfFour.Command.Structural.csproj", "{E2ED120A-60EA-4B30-8994-258E15341E23}"
EndProject
Project("{FAE04EC0-301F-11D3-BF4B-00C04F79EFBC}") = "GangOfFour.Command.RealWorld", "GangOfFour.Command.RealWorld\GangOfFour.Command.RealWorld.csproj", "{AE7A2527-FCEE-4497-94F1-67EC4E47BEB4}"
EndProject
Project("{FAE04EC0-301F-11D3-BF4B-00C04F79EFBC}") = "GangOfFour.Iterator.Structural", "GangOfFour.Iterator.Structural\GangOfFour.Iterator.Structural.csproj", "{5C6A0A9E-7806-47E5-9ABB-6FE276C2F9AF}"
EndProject
Project("{FAE04EC0-301F-11D3-BF4B-00C04F79EFBC}") = "GangOfFour.Iterator.RealWorld", "GangOfFour.Iterator.RealWorld\GangOfFour.Iterator.RealWorld.csproj", "{B34E7EC1-67AD-48F9-9ABE-8410D9ACE380}"
EndProject
Project("{FAE04EC0-301F-11D3-BF4B-00C04F79EFBC}") = "GangOfFour.Factory.Structural", "GangOfFour.Factory.Structural\GangOfFour.Factory.Structural.csproj", "{208AB9A1-9B46-4018-AA27-60E360F8F8E8}"
EndProject
Project("{2150E333-8FDC-42A3-9474-1A3956D46DE8}") = "Creational", "Creational", "{666AFFE5-2500-487B-AC64-7EF4EC4F0544}"
EndProject
Project("{2150E333-8FDC-42A3-9474-1A3956D46DE8}") = "Abstract", "Abstract", "{2472D05B-E940-4A3E-A030-A6A655EDBE10}"
EndProject
Project("{2150E333-8FDC-42A3-9474-1A3956D46DE8}") = "Factory", "Factory", "{62E98216-527D-42C1-89A5-B8670269C7F3}"
EndProject
Project("{FAE04EC0-301F-11D3-BF4B-00C04F79EFBC}") = "GangOfFour.Factory.RealWorld", "GangOfFour.Factory.RealWorld\GangOfFour.Factory.RealWorld.csproj", "{7C9BB1E2-1969-446F-A57E-ECB3E4CC54C1}"
EndProject
Project("{2150E333-8FDC-42A3-9474-1A3956D46DE8}") = "Singleton", "Singleton", "{86E7D3D9-79A0-4B9F-9CE9-2AE2830D0EE7}"
EndProject
Project("{FAE04EC0-301F-11D3-BF4B-00C04F79EFBC}") = "GangOfFour.Singleton.Structural", "GangOfFour.Singleton.Structural\GangOfFour.Singleton.Structural.csproj", "{4B31E0A7-AF97-4B65-A6F6-267B0DB148DC}"
EndProject
Project("{FAE04EC0-301F-11D3-BF4B-00C04F79EFBC}") = "GangOfFour.Singleton.RealWorld", "GangOfFour.Singleton.RealWorld\GangOfFour.Singleton.RealWorld.csproj", "{FC1F3CB1-225C-4237-A614-D141D06FB806}"
EndProject
Project("{2150E333-8FDC-42A3-9474-1A3956D46DE8}") = "Structural", "Structural", "{3B4DEB1D-AF98-48D4-9BB4-EA302327D9C5}"
EndProject
Project("{2150E333-8FDC-42A3-9474-1A3956D46DE8}") = "Adapter", "Adapter", "{EBD1A947-32A5-4DC6-BB4C-E1BF875FE1AB}"
EndProject
Project("{2150E333-8FDC-42A3-9474-1A3956D46DE8}") = "Composite", "Composite", "{6D56C4B9-862F-478B-98AA-453BB6CD9288}"
EndProject
Project("{2150E333-8FDC-42A3-9474-1A3956D46DE8}") = "Decorator", "Decorator", "{B161B4AC-7F03-47B6-96A8-9B8CA4D014AD}"
EndProject
Project("{2150E333-8FDC-42A3-9474-1A3956D46DE8}") = "Facade", "Facade", "{0A4B8379-4A20-4821-AF04-7B0C88EEF940}"
EndProject
Project("{2150E333-8FDC-42A3-9474-1A3956D46DE8}") = "Proxy", "Proxy", "{5DEDCC80-4BAD-44E7-B584-ED892D47259A}"
EndProject
Project("{2150E333-8FDC-42A3-9474-1A3956D46DE8}") = "Behavioral", "Behavioral", "{6752FEE7-9C78-41AF-B55A-959EA3507D64}"
EndProject
Project("{2150E333-8FDC-42A3-9474-1A3956D46DE8}") = "Command", "Command", "{5AF3C82A-FD18-4BD6-BDB2-0FC59ECC5200}"
EndProject
Project("{2150E333-8FDC-42A3-9474-1A3956D46DE8}") = "Iterator", "Iterator", "{FFB7E357-2EC1-4F91-921B-95AD2FBF147C}"
EndProject
Project("{2150E333-8FDC-42A3-9474-1A3956D46DE8}") = "Observer", "Observer", "{36049274-62E5-44D7-A8E9-7331574CB258}"
EndProject
Project("{2150E333-8FDC-42A3-9474-1A3956D46DE8}") = "State", "State", "{7FE6D7D1-F93F-46BE-967C-EB2AD9B86242}"
EndProject
Project("{2150E333-8FDC-42A3-9474-1A3956D46DE8}") = "Strategy", "Strategy", "{B2E48DB5-68CC-4525-93A6-EE2DA342C13C}"
EndProject
Project("{2150E333-8FDC-42A3-9474-1A3956D46DE8}") = "Prototype", "Prototype", "{8FE90536-0C89-497B-9778-0EF9578689BF}"
EndProject
Project("{2150E333-8FDC-42A3-9474-1A3956D46DE8}") = "Bridge", "Bridge", "{3ADC102B-5968-4D0B-A06C-99A32F34F740}"
EndProject
Project("{2150E333-8FDC-42A3-9474-1A3956D46DE8}") = "Template Method", "Template Method", "{B3B298B3-8FB1-44B2-A0E8-FC8C3B9EC638}"
EndProject
Project("{FAE04EC0-301F-11D3-BF4B-00C04F79EFBC}") = "GangOfFour.Observer.Structural", "GangOfFour.Observer.Structural\GangOfFour.Observer.Structural.csproj", "{4E9B77D9-0A5A-4B8D-B6E1-BC448FF4E8D3}"
EndProject
Project("{FAE04EC0-301F-11D3-BF4B-00C04F79EFBC}") = "GangOfFour.Observer.RealWorld", "GangOfFour.Observer.RealWorld\GangOfFour.Observer.RealWorld.csproj", "{8FCB55FF-0EAA-4393-9E81-1DD79D582846}"
EndProject
Project("{FAE04EC0-301F-11D3-BF4B-00C04F79EFBC}") = "GangOfFour.State.Structural", "GangOfFour.State.Structural\GangOfFour.State.Structural.csproj", "{35C393EF-E691-4910-808D-C7126E5393A0}"
EndProject
Project("{FAE04EC0-301F-11D3-BF4B-00C04F79EFBC}") = "GangOfFour.State.RealWorld", "GangOfFour.State.RealWorld\GangOfFour.State.RealWorld.csproj", "{FCB2D2EE-BDC7-461E-97E6-844DA3E00B4B}"
EndProject
Project("{FAE04EC0-301F-11D3-BF4B-00C04F79EFBC}") = "GangOfFour.Template.Structural", "GangOfFour.Template.Structural\GangOfFour.Template.Structural.csproj", "{43628242-26FF-4592-BC8C-72BE4C3915DB}"
EndProject
Project("{FAE04EC0-301F-11D3-BF4B-00C04F79EFBC}") = "GangOfFour.Template.RealWorld", "GangOfFour.Template.RealWorld\GangOfFour.Template.RealWorld.csproj", "{0CE8FA8D-455D-4183-83A9-330B5937072E}"
EndProject
Project("{FAE04EC0-301F-11D3-BF4B-00C04F79EFBC}") = "GangOfFour.Composite.RealWorld", "GangOfFour.Composite.RealWorld\GangOfFour.Composite.RealWorld.csproj", "{893D8FE6-C521-4ED7-AFE1-5ECF35058044}"
EndProject
Project("{FAE04EC0-301F-11D3-BF4B-00C04F79EFBC}") = "GangOfFour.Prototype.Structural", "GangOfFour.Prototype.Structural\GangOfFour.Prototype.Structural.csproj", "{3DF2E4E9-BD9D-4F91-9537-44D98DEF2EBA}"
EndProject
Project("{FAE04EC0-301F-11D3-BF4B-00C04F79EFBC}") = "GangOfFour.Prototype.RealWorld", "GangOfFour.Prototype.RealWorld\GangOfFour.Prototype.RealWorld.csproj", "{E57ECAC0-7AAF-4A11-8E9B-19ED1F7BCEE0}"
EndProject
Project("{FAE04EC0-301F-11D3-BF4B-00C04F79EFBC}") = "GangOfFour.Adapter.Structural", "GangOfFour.Adapter.Structural\GangOfFour.Adapter.Structural.csproj", "{C2B3745C-FD21-4BCD-8E22-E23B28D8FA4F}"
EndProject
Project("{FAE04EC0-301F-11D3-BF4B-00C04F79EFBC}") = "GangOfFour.Adapter.RealWorld", "GangOfFour.Adapter.RealWorld\GangOfFour.Adapter.RealWorld.csproj", "{410E3625-2B63-4579-8FB4-C9D56F7969DA}"
EndProject
Project("{FAE04EC0-301F-11D3-BF4B-00C04F79EFBC}") = "GangOfFour.Bridge.Structural", "GangOfFour.Bridge.Structural\GangOfFour.Bridge.Structural.csproj", "{1E50118A-B87D-4CDC-82FA-FF4407D0D669}"
EndProject
Project("{FAE04EC0-301F-11D3-BF4B-00C04F79EFBC}") = "GangOfFour.Bridge.RealWorld", "GangOfFour.Bridge.RealWorld\GangOfFour.Bridge.RealWorld.csproj", "{9AC0378C-BBC9-4A70-B785-231B5B7CA6E4}"
EndProject
Project("{FAE04EC0-301F-11D3-BF4B-00C04F79EFBC}") = "GangOfFour.Facade.Structural", "GangOfFour.Facade.Structural\GangOfFour.Facade.Structural.csproj", "{46533DF7-B1A6-40FD-A2F0-39E2A4FB51EE}"
EndProject
Project("{FAE04EC0-301F-11D3-BF4B-00C04F79EFBC}") = "GangOfFour.Facade.RealWorld", "GangOfFour.Facade.RealWorld\GangOfFour.Facade.RealWorld.csproj", "{2FE0FC8C-5CFB-4E16-8CAE-CD86C3C73964}"
EndProject
Project("{FAE04EC0-301F-11D3-BF4B-00C04F79EFBC}") = "GangOfFour.Proxy.Structural", "GangOfFour.Proxy.Structural\GangOfFour.Proxy.Structural.csproj", "{47E85D5F-B704-4EEC-8DE0-05685704B085}"
EndProject
Project("{FAE04EC0-301F-11D3-BF4B-00C04F79EFBC}") = "GangOfFour.Proxy.RealWorld", "GangOfFour.Proxy.RealWorld\GangOfFour.Proxy.RealWorld.csproj", "{BFE8521C-E97D-4945-A9B3-D90C8BD1AFF1}"
EndProject
Global
	GlobalSection(SolutionConfigurationPlatforms) = preSolution
		Debug|Any CPU = Debug|Any CPU
		Release|Any CPU = Release|Any CPU
	EndGlobalSection
	GlobalSection(ProjectConfigurationPlatforms) = postSolution
		{9FB2EA0B-53C0-42B5-961E-F45AC5DECF25}.Debug|Any CPU.ActiveCfg = Debug|Any CPU
		{9FB2EA0B-53C0-42B5-961E-F45AC5DECF25}.Debug|Any CPU.Build.0 = Debug|Any CPU
		{9FB2EA0B-53C0-42B5-961E-F45AC5DECF25}.Release|Any CPU.ActiveCfg = Release|Any CPU
		{9FB2EA0B-53C0-42B5-961E-F45AC5DECF25}.Release|Any CPU.Build.0 = Release|Any CPU
		{4C5FA259-C697-41E9-8801-E83AD041DFFC}.Debug|Any CPU.ActiveCfg = Debug|Any CPU
		{4C5FA259-C697-41E9-8801-E83AD041DFFC}.Debug|Any CPU.Build.0 = Debug|Any CPU
		{4C5FA259-C697-41E9-8801-E83AD041DFFC}.Release|Any CPU.ActiveCfg = Release|Any CPU
		{4C5FA259-C697-41E9-8801-E83AD041DFFC}.Release|Any CPU.Build.0 = Release|Any CPU
		{84CAEE04-296B-444B-B8BF-750048831EF4}.Debug|Any CPU.ActiveCfg = Debug|Any CPU
		{84CAEE04-296B-444B-B8BF-750048831EF4}.Debug|Any CPU.Build.0 = Debug|Any CPU
		{84CAEE04-296B-444B-B8BF-750048831EF4}.Release|Any CPU.ActiveCfg = Release|Any CPU
		{84CAEE04-296B-444B-B8BF-750048831EF4}.Release|Any CPU.Build.0 = Release|Any CPU
		{07140965-F48A-4606-9C56-A67F889EDE35}.Debug|Any CPU.ActiveCfg = Debug|Any CPU
		{07140965-F48A-4606-9C56-A67F889EDE35}.Debug|Any CPU.Build.0 = Debug|Any CPU
		{07140965-F48A-4606-9C56-A67F889EDE35}.Release|Any CPU.ActiveCfg = Release|Any CPU
		{07140965-F48A-4606-9C56-A67F889EDE35}.Release|Any CPU.Build.0 = Release|Any CPU
		{D696B4CA-A838-4415-B284-8D5CD17D83C9}.Debug|Any CPU.ActiveCfg = Debug|Any CPU
		{D696B4CA-A838-4415-B284-8D5CD17D83C9}.Debug|Any CPU.Build.0 = Debug|Any CPU
		{D696B4CA-A838-4415-B284-8D5CD17D83C9}.Release|Any CPU.ActiveCfg = Release|Any CPU
		{D696B4CA-A838-4415-B284-8D5CD17D83C9}.Release|Any CPU.Build.0 = Release|Any CPU
		{C604E8FE-08AB-4BDD-BA7B-1A249C6F7C53}.Debug|Any CPU.ActiveCfg = Debug|Any CPU
		{C604E8FE-08AB-4BDD-BA7B-1A249C6F7C53}.Debug|Any CPU.Build.0 = Debug|Any CPU
		{C604E8FE-08AB-4BDD-BA7B-1A249C6F7C53}.Release|Any CPU.ActiveCfg = Release|Any CPU
		{C604E8FE-08AB-4BDD-BA7B-1A249C6F7C53}.Release|Any CPU.Build.0 = Release|Any CPU
		{77F08F02-2037-46B5-A6B0-7823054DBF6A}.Debug|Any CPU.ActiveCfg = Debug|Any CPU
		{77F08F02-2037-46B5-A6B0-7823054DBF6A}.Debug|Any CPU.Build.0 = Debug|Any CPU
		{77F08F02-2037-46B5-A6B0-7823054DBF6A}.Release|Any CPU.ActiveCfg = Release|Any CPU
		{77F08F02-2037-46B5-A6B0-7823054DBF6A}.Release|Any CPU.Build.0 = Release|Any CPU
		{E2ED120A-60EA-4B30-8994-258E15341E23}.Debug|Any CPU.ActiveCfg = Debug|Any CPU
		{E2ED120A-60EA-4B30-8994-258E15341E23}.Debug|Any CPU.Build.0 = Debug|Any CPU
		{E2ED120A-60EA-4B30-8994-258E15341E23}.Release|Any CPU.ActiveCfg = Release|Any CPU
		{E2ED120A-60EA-4B30-8994-258E15341E23}.Release|Any CPU.Build.0 = Release|Any CPU
		{AE7A2527-FCEE-4497-94F1-67EC4E47BEB4}.Debug|Any CPU.ActiveCfg = Debug|Any CPU
		{AE7A2527-FCEE-4497-94F1-67EC4E47BEB4}.Debug|Any CPU.Build.0 = Debug|Any CPU
		{AE7A2527-FCEE-4497-94F1-67EC4E47BEB4}.Release|Any CPU.ActiveCfg = Release|Any CPU
		{AE7A2527-FCEE-4497-94F1-67EC4E47BEB4}.Release|Any CPU.Build.0 = Release|Any CPU
		{5C6A0A9E-7806-47E5-9ABB-6FE276C2F9AF}.Debug|Any CPU.ActiveCfg = Debug|Any CPU
		{5C6A0A9E-7806-47E5-9ABB-6FE276C2F9AF}.Debug|Any CPU.Build.0 = Debug|Any CPU
		{5C6A0A9E-7806-47E5-9ABB-6FE276C2F9AF}.Release|Any CPU.ActiveCfg = Release|Any CPU
		{5C6A0A9E-7806-47E5-9ABB-6FE276C2F9AF}.Release|Any CPU.Build.0 = Release|Any CPU
		{B34E7EC1-67AD-48F9-9ABE-8410D9ACE380}.Debug|Any CPU.ActiveCfg = Debug|Any CPU
		{B34E7EC1-67AD-48F9-9ABE-8410D9ACE380}.Debug|Any CPU.Build.0 = Debug|Any CPU
		{B34E7EC1-67AD-48F9-9ABE-8410D9ACE380}.Release|Any CPU.ActiveCfg = Release|Any CPU
		{B34E7EC1-67AD-48F9-9ABE-8410D9ACE380}.Release|Any CPU.Build.0 = Release|Any CPU
		{208AB9A1-9B46-4018-AA27-60E360F8F8E8}.Debug|Any CPU.ActiveCfg = Debug|Any CPU
		{208AB9A1-9B46-4018-AA27-60E360F8F8E8}.Debug|Any CPU.Build.0 = Debug|Any CPU
		{208AB9A1-9B46-4018-AA27-60E360F8F8E8}.Release|Any CPU.ActiveCfg = Release|Any CPU
		{208AB9A1-9B46-4018-AA27-60E360F8F8E8}.Release|Any CPU.Build.0 = Release|Any CPU
		{7C9BB1E2-1969-446F-A57E-ECB3E4CC54C1}.Debug|Any CPU.ActiveCfg = Debug|Any CPU
		{7C9BB1E2-1969-446F-A57E-ECB3E4CC54C1}.Debug|Any CPU.Build.0 = Debug|Any CPU
		{7C9BB1E2-1969-446F-A57E-ECB3E4CC54C1}.Release|Any CPU.ActiveCfg = Release|Any CPU
		{7C9BB1E2-1969-446F-A57E-ECB3E4CC54C1}.Release|Any CPU.Build.0 = Release|Any CPU
		{4B31E0A7-AF97-4B65-A6F6-267B0DB148DC}.Debug|Any CPU.ActiveCfg = Debug|Any CPU
		{4B31E0A7-AF97-4B65-A6F6-267B0DB148DC}.Debug|Any CPU.Build.0 = Debug|Any CPU
		{4B31E0A7-AF97-4B65-A6F6-267B0DB148DC}.Release|Any CPU.ActiveCfg = Release|Any CPU
		{4B31E0A7-AF97-4B65-A6F6-267B0DB148DC}.Release|Any CPU.Build.0 = Release|Any CPU
		{FC1F3CB1-225C-4237-A614-D141D06FB806}.Debug|Any CPU.ActiveCfg = Debug|Any CPU
		{FC1F3CB1-225C-4237-A614-D141D06FB806}.Debug|Any CPU.Build.0 = Debug|Any CPU
		{FC1F3CB1-225C-4237-A614-D141D06FB806}.Release|Any CPU.ActiveCfg = Release|Any CPU
		{FC1F3CB1-225C-4237-A614-D141D06FB806}.Release|Any CPU.Build.0 = Release|Any CPU
		{4E9B77D9-0A5A-4B8D-B6E1-BC448FF4E8D3}.Debug|Any CPU.ActiveCfg = Debug|Any CPU
		{4E9B77D9-0A5A-4B8D-B6E1-BC448FF4E8D3}.Debug|Any CPU.Build.0 = Debug|Any CPU
		{4E9B77D9-0A5A-4B8D-B6E1-BC448FF4E8D3}.Release|Any CPU.ActiveCfg = Release|Any CPU
		{4E9B77D9-0A5A-4B8D-B6E1-BC448FF4E8D3}.Release|Any CPU.Build.0 = Release|Any CPU
		{8FCB55FF-0EAA-4393-9E81-1DD79D582846}.Debug|Any CPU.ActiveCfg = Debug|Any CPU
		{8FCB55FF-0EAA-4393-9E81-1DD79D582846}.Debug|Any CPU.Build.0 = Debug|Any CPU
		{8FCB55FF-0EAA-4393-9E81-1DD79D582846}.Release|Any CPU.ActiveCfg = Release|Any CPU
		{8FCB55FF-0EAA-4393-9E81-1DD79D582846}.Release|Any CPU.Build.0 = Release|Any CPU
		{35C393EF-E691-4910-808D-C7126E5393A0}.Debug|Any CPU.ActiveCfg = Debug|Any CPU
		{35C393EF-E691-4910-808D-C7126E5393A0}.Debug|Any CPU.Build.0 = Debug|Any CPU
		{35C393EF-E691-4910-808D-C7126E5393A0}.Release|Any CPU.ActiveCfg = Release|Any CPU
		{35C393EF-E691-4910-808D-C7126E5393A0}.Release|Any CPU.Build.0 = Release|Any CPU
		{FCB2D2EE-BDC7-461E-97E6-844DA3E00B4B}.Debug|Any CPU.ActiveCfg = Debug|Any CPU
		{FCB2D2EE-BDC7-461E-97E6-844DA3E00B4B}.Debug|Any CPU.Build.0 = Debug|Any CPU
		{FCB2D2EE-BDC7-461E-97E6-844DA3E00B4B}.Release|Any CPU.ActiveCfg = Release|Any CPU
		{FCB2D2EE-BDC7-461E-97E6-844DA3E00B4B}.Release|Any CPU.Build.0 = Release|Any CPU
		{43628242-26FF-4592-BC8C-72BE4C3915DB}.Debug|Any CPU.ActiveCfg = Debug|Any CPU
		{43628242-26FF-4592-BC8C-72BE4C3915DB}.Debug|Any CPU.Build.0 = Debug|Any CPU
		{43628242-26FF-4592-BC8C-72BE4C3915DB}.Release|Any CPU.ActiveCfg = Release|Any CPU
		{43628242-26FF-4592-BC8C-72BE4C3915DB}.Release|Any CPU.Build.0 = Release|Any CPU
		{0CE8FA8D-455D-4183-83A9-330B5937072E}.Debug|Any CPU.ActiveCfg = Debug|Any CPU
		{0CE8FA8D-455D-4183-83A9-330B5937072E}.Debug|Any CPU.Build.0 = Debug|Any CPU
		{0CE8FA8D-455D-4183-83A9-330B5937072E}.Release|Any CPU.ActiveCfg = Release|Any CPU
		{0CE8FA8D-455D-4183-83A9-330B5937072E}.Release|Any CPU.Build.0 = Release|Any CPU
		{893D8FE6-C521-4ED7-AFE1-5ECF35058044}.Debug|Any CPU.ActiveCfg = Debug|Any CPU
		{893D8FE6-C521-4ED7-AFE1-5ECF35058044}.Debug|Any CPU.Build.0 = Debug|Any CPU
		{893D8FE6-C521-4ED7-AFE1-5ECF35058044}.Release|Any CPU.ActiveCfg = Release|Any CPU
		{893D8FE6-C521-4ED7-AFE1-5ECF35058044}.Release|Any CPU.Build.0 = Release|Any CPU
		{3DF2E4E9-BD9D-4F91-9537-44D98DEF2EBA}.Debug|Any CPU.ActiveCfg = Debug|Any CPU
		{3DF2E4E9-BD9D-4F91-9537-44D98DEF2EBA}.Debug|Any CPU.Build.0 = Debug|Any CPU
		{3DF2E4E9-BD9D-4F91-9537-44D98DEF2EBA}.Release|Any CPU.ActiveCfg = Release|Any CPU
		{3DF2E4E9-BD9D-4F91-9537-44D98DEF2EBA}.Release|Any CPU.Build.0 = Release|Any CPU
		{E57ECAC0-7AAF-4A11-8E9B-19ED1F7BCEE0}.Debug|Any CPU.ActiveCfg = Debug|Any CPU
		{E57ECAC0-7AAF-4A11-8E9B-19ED1F7BCEE0}.Debug|Any CPU.Build.0 = Debug|Any CPU
		{E57ECAC0-7AAF-4A11-8E9B-19ED1F7BCEE0}.Release|Any CPU.ActiveCfg = Release|Any CPU
		{E57ECAC0-7AAF-4A11-8E9B-19ED1F7BCEE0}.Release|Any CPU.Build.0 = Release|Any CPU
		{C2B3745C-FD21-4BCD-8E22-E23B28D8FA4F}.Debug|Any CPU.ActiveCfg = Debug|Any CPU
		{C2B3745C-FD21-4BCD-8E22-E23B28D8FA4F}.Debug|Any CPU.Build.0 = Debug|Any CPU
		{C2B3745C-FD21-4BCD-8E22-E23B28D8FA4F}.Release|Any CPU.ActiveCfg = Release|Any CPU
		{C2B3745C-FD21-4BCD-8E22-E23B28D8FA4F}.Release|Any CPU.Build.0 = Release|Any CPU
		{410E3625-2B63-4579-8FB4-C9D56F7969DA}.Debug|Any CPU.ActiveCfg = Debug|Any CPU
		{410E3625-2B63-4579-8FB4-C9D56F7969DA}.Debug|Any CPU.Build.0 = Debug|Any CPU
		{410E3625-2B63-4579-8FB4-C9D56F7969DA}.Release|Any CPU.ActiveCfg = Release|Any CPU
		{410E3625-2B63-4579-8FB4-C9D56F7969DA}.Release|Any CPU.Build.0 = Release|Any CPU
		{1E50118A-B87D-4CDC-82FA-FF4407D0D669}.Debug|Any CPU.ActiveCfg = Debug|Any CPU
		{1E50118A-B87D-4CDC-82FA-FF4407D0D669}.Debug|Any CPU.Build.0 = Debug|Any CPU
		{1E50118A-B87D-4CDC-82FA-FF4407D0D669}.Release|Any CPU.ActiveCfg = Release|Any CPU
		{1E50118A-B87D-4CDC-82FA-FF4407D0D669}.Release|Any CPU.Build.0 = Release|Any CPU
		{9AC0378C-BBC9-4A70-B785-231B5B7CA6E4}.Debug|Any CPU.ActiveCfg = Debug|Any CPU
		{9AC0378C-BBC9-4A70-B785-231B5B7CA6E4}.Debug|Any CPU.Build.0 = Debug|Any CPU
		{9AC0378C-BBC9-4A70-B785-231B5B7CA6E4}.Release|Any CPU.ActiveCfg = Release|Any CPU
		{9AC0378C-BBC9-4A70-B785-231B5B7CA6E4}.Release|Any CPU.Build.0 = Release|Any CPU
		{46533DF7-B1A6-40FD-A2F0-39E2A4FB51EE}.Debug|Any CPU.ActiveCfg = Debug|Any CPU
		{46533DF7-B1A6-40FD-A2F0-39E2A4FB51EE}.Debug|Any CPU.Build.0 = Debug|Any CPU
		{46533DF7-B1A6-40FD-A2F0-39E2A4FB51EE}.Release|Any CPU.ActiveCfg = Release|Any CPU
		{46533DF7-B1A6-40FD-A2F0-39E2A4FB51EE}.Release|Any CPU.Build.0 = Release|Any CPU
		{2FE0FC8C-5CFB-4E16-8CAE-CD86C3C73964}.Debug|Any CPU.ActiveCfg = Debug|Any CPU
		{2FE0FC8C-5CFB-4E16-8CAE-CD86C3C73964}.Debug|Any CPU.Build.0 = Debug|Any CPU
		{2FE0FC8C-5CFB-4E16-8CAE-CD86C3C73964}.Release|Any CPU.ActiveCfg = Release|Any CPU
		{2FE0FC8C-5CFB-4E16-8CAE-CD86C3C73964}.Release|Any CPU.Build.0 = Release|Any CPU
		{47E85D5F-B704-4EEC-8DE0-05685704B085}.Debug|Any CPU.ActiveCfg = Debug|Any CPU
		{47E85D5F-B704-4EEC-8DE0-05685704B085}.Debug|Any CPU.Build.0 = Debug|Any CPU
		{47E85D5F-B704-4EEC-8DE0-05685704B085}.Release|Any CPU.ActiveCfg = Release|Any CPU
		{47E85D5F-B704-4EEC-8DE0-05685704B085}.Release|Any CPU.Build.0 = Release|Any CPU
		{BFE8521C-E97D-4945-A9B3-D90C8BD1AFF1}.Debug|Any CPU.ActiveCfg = Debug|Any CPU
		{BFE8521C-E97D-4945-A9B3-D90C8BD1AFF1}.Debug|Any CPU.Build.0 = Debug|Any CPU
		{BFE8521C-E97D-4945-A9B3-D90C8BD1AFF1}.Release|Any CPU.ActiveCfg = Release|Any CPU
		{BFE8521C-E97D-4945-A9B3-D90C8BD1AFF1}.Release|Any CPU.Build.0 = Release|Any CPU
	EndGlobalSection
	GlobalSection(SolutionProperties) = preSolution
		HideSolutionNode = FALSE
	EndGlobalSection
	GlobalSection(NestedProjects) = preSolution
		{9FB2EA0B-53C0-42B5-961E-F45AC5DECF25} = {6D56C4B9-862F-478B-98AA-453BB6CD9288}
		{4C5FA259-C697-41E9-8801-E83AD041DFFC} = {B2E48DB5-68CC-4525-93A6-EE2DA342C13C}
		{84CAEE04-296B-444B-B8BF-750048831EF4} = {B2E48DB5-68CC-4525-93A6-EE2DA342C13C}
		{07140965-F48A-4606-9C56-A67F889EDE35} = {B161B4AC-7F03-47B6-96A8-9B8CA4D014AD}
		{D696B4CA-A838-4415-B284-8D5CD17D83C9} = {B161B4AC-7F03-47B6-96A8-9B8CA4D014AD}
		{C604E8FE-08AB-4BDD-BA7B-1A249C6F7C53} = {2472D05B-E940-4A3E-A030-A6A655EDBE10}
		{77F08F02-2037-46B5-A6B0-7823054DBF6A} = {2472D05B-E940-4A3E-A030-A6A655EDBE10}
		{E2ED120A-60EA-4B30-8994-258E15341E23} = {5AF3C82A-FD18-4BD6-BDB2-0FC59ECC5200}
		{AE7A2527-FCEE-4497-94F1-67EC4E47BEB4} = {5AF3C82A-FD18-4BD6-BDB2-0FC59ECC5200}
		{5C6A0A9E-7806-47E5-9ABB-6FE276C2F9AF} = {FFB7E357-2EC1-4F91-921B-95AD2FBF147C}
		{B34E7EC1-67AD-48F9-9ABE-8410D9ACE380} = {FFB7E357-2EC1-4F91-921B-95AD2FBF147C}
		{208AB9A1-9B46-4018-AA27-60E360F8F8E8} = {62E98216-527D-42C1-89A5-B8670269C7F3}
		{2472D05B-E940-4A3E-A030-A6A655EDBE10} = {666AFFE5-2500-487B-AC64-7EF4EC4F0544}
		{62E98216-527D-42C1-89A5-B8670269C7F3} = {666AFFE5-2500-487B-AC64-7EF4EC4F0544}
		{7C9BB1E2-1969-446F-A57E-ECB3E4CC54C1} = {62E98216-527D-42C1-89A5-B8670269C7F3}
		{86E7D3D9-79A0-4B9F-9CE9-2AE2830D0EE7} = {666AFFE5-2500-487B-AC64-7EF4EC4F0544}
		{4B31E0A7-AF97-4B65-A6F6-267B0DB148DC} = {86E7D3D9-79A0-4B9F-9CE9-2AE2830D0EE7}
		{FC1F3CB1-225C-4237-A614-D141D06FB806} = {86E7D3D9-79A0-4B9F-9CE9-2AE2830D0EE7}
		{EBD1A947-32A5-4DC6-BB4C-E1BF875FE1AB} = {3B4DEB1D-AF98-48D4-9BB4-EA302327D9C5}
		{6D56C4B9-862F-478B-98AA-453BB6CD9288} = {3B4DEB1D-AF98-48D4-9BB4-EA302327D9C5}
		{B161B4AC-7F03-47B6-96A8-9B8CA4D014AD} = {3B4DEB1D-AF98-48D4-9BB4-EA302327D9C5}
		{0A4B8379-4A20-4821-AF04-7B0C88EEF940} = {3B4DEB1D-AF98-48D4-9BB4-EA302327D9C5}
		{5DEDCC80-4BAD-44E7-B584-ED892D47259A} = {3B4DEB1D-AF98-48D4-9BB4-EA302327D9C5}
		{5AF3C82A-FD18-4BD6-BDB2-0FC59ECC5200} = {6752FEE7-9C78-41AF-B55A-959EA3507D64}
		{FFB7E357-2EC1-4F91-921B-95AD2FBF147C} = {6752FEE7-9C78-41AF-B55A-959EA3507D64}
		{36049274-62E5-44D7-A8E9-7331574CB258} = {6752FEE7-9C78-41AF-B55A-959EA3507D64}
		{7FE6D7D1-F93F-46BE-967C-EB2AD9B86242} = {6752FEE7-9C78-41AF-B55A-959EA3507D64}
		{B2E48DB5-68CC-4525-93A6-EE2DA342C13C} = {6752FEE7-9C78-41AF-B55A-959EA3507D64}
		{8FE90536-0C89-497B-9778-0EF9578689BF} = {666AFFE5-2500-487B-AC64-7EF4EC4F0544}
		{3ADC102B-5968-4D0B-A06C-99A32F34F740} = {3B4DEB1D-AF98-48D4-9BB4-EA302327D9C5}
		{B3B298B3-8FB1-44B2-A0E8-FC8C3B9EC638} = {6752FEE7-9C78-41AF-B55A-959EA3507D64}
		{4E9B77D9-0A5A-4B8D-B6E1-BC448FF4E8D3} = {36049274-62E5-44D7-A8E9-7331574CB258}
		{8FCB55FF-0EAA-4393-9E81-1DD79D582846} = {36049274-62E5-44D7-A8E9-7331574CB258}
		{35C393EF-E691-4910-808D-C7126E5393A0} = {7FE6D7D1-F93F-46BE-967C-EB2AD9B86242}
		{FCB2D2EE-BDC7-461E-97E6-844DA3E00B4B} = {7FE6D7D1-F93F-46BE-967C-EB2AD9B86242}
		{43628242-26FF-4592-BC8C-72BE4C3915DB} = {B3B298B3-8FB1-44B2-A0E8-FC8C3B9EC638}
		{0CE8FA8D-455D-4183-83A9-330B5937072E} = {B3B298B3-8FB1-44B2-A0E8-FC8C3B9EC638}
		{893D8FE6-C521-4ED7-AFE1-5ECF35058044} = {6D56C4B9-862F-478B-98AA-453BB6CD9288}
		{3DF2E4E9-BD9D-4F91-9537-44D98DEF2EBA} = {8FE90536-0C89-497B-9778-0EF9578689BF}
		{E57ECAC0-7AAF-4A11-8E9B-19ED1F7BCEE0} = {8FE90536-0C89-497B-9778-0EF9578689BF}
		{C2B3745C-FD21-4BCD-8E22-E23B28D8FA4F} = {EBD1A947-32A5-4DC6-BB4C-E1BF875FE1AB}
		{410E3625-2B63-4579-8FB4-C9D56F7969DA} = {EBD1A947-32A5-4DC6-BB4C-E1BF875FE1AB}
		{1E50118A-B87D-4CDC-82FA-FF4407D0D669} = {3ADC102B-5968-4D0B-A06C-99A32F34F740}
		{9AC0378C-BBC9-4A70-B785-231B5B7CA6E4} = {3ADC102B-5968-4D0B-A06C-99A32F34F740}
		{46533DF7-B1A6-40FD-A2F0-39E2A4FB51EE} = {0A4B8379-4A20-4821-AF04-7B0C88EEF940}
		{2FE0FC8C-5CFB-4E16-8CAE-CD86C3C73964} = {0A4B8379-4A20-4821-AF04-7B0C88EEF940}
		{47E85D5F-B704-4EEC-8DE0-05685704B085} = {5DEDCC80-4BAD-44E7-B584-ED892D47259A}
		{BFE8521C-E97D-4945-A9B3-D90C8BD1AFF1} = {5DEDCC80-4BAD-44E7-B584-ED892D47259A}
	EndGlobalSection
	GlobalSection(ExtensibilityGlobals) = postSolution
		SolutionGuid = {2A56393C-6162-44D2-B5D4-7F5D01CD7B3D}
	EndGlobalSection
EndGlobal
